# THIS IS AN AUTOGENERATED FILE. DO NOT EDIT THIS FILE DIRECTLY.
# yarn lockfile v1


"@types/node@^24.0.3":
  version "24.0.3"
  resolved "https://registry.yarnpkg.com/@types/node/-/node-24.0.3.tgz#f935910f3eece3a3a2f8be86b96ba833dc286cab"
  integrity sha512-R4I/kzCYAdRLzfiCabn9hxWfbuHS573x+r0dJMkkzThEa7pbrcDWK+9zu3e7aBOouf+rQAciqPFMnxwr0aWgKg==
  dependencies:
    undici-types "~7.8.0"

eventsource-parser@^3.0.1:
  version "3.0.2"
  resolved "https://registry.yarnpkg.com/eventsource-parser/-/eventsource-parser-3.0.2.tgz#0fea1abd26eca8201099ff5212f6c4e7ca2fd5d3"
  integrity sha512-6RxOBZ/cYgd8usLwsEl+EC09Au/9BcmCKYF2/xbml6DNczf7nv0MQb+7BA2F+li6//I+28VNlQR37XfQtcAJuA==

eventsource@^4.0.0:
  version "4.0.0"
  resolved "https://registry.yarnpkg.com/eventsource/-/eventsource-4.0.0.tgz#caf02d04143f663a61b09a993d0097e552e2b1d1"
  integrity sha512-fvIkb9qZzdMxgZrEQDyll+9oJsyaVvY92I2Re+qK0qEJ+w5s0X3dtz+M0VAPOjP1gtU3iqWyjQ0G3nvd5CLZ2g==
  dependencies:
    eventsource-parser "^3.0.1"

typescript@^5.8.3:
  version "5.8.3"
  resolved "https://registry.yarnpkg.com/typescript/-/typescript-5.8.3.tgz#92f8a3e5e3cf497356f4178c34cd65a7f5e8440e"
  integrity sha512-p1diW6TqL9L07nNxvRMM7hMMw4c5XOo/1ibL4aAIGmSAt9slTE1Xgw5KWuof2uTOvCg9BY7ZRi+GaF+7sfgPeQ==

undici-types@~7.8.0:
  version "7.8.0"
  resolved "https://registry.yarnpkg.com/undici-types/-/undici-types-7.8.0.tgz#de00b85b710c54122e44fbfd911f8d70174cd294"
  integrity sha512-9UJ2xGDvQ43tYyVMpuHlsgApydB8ZKfVYTsLDhXkFL/6gfkp+U8xTGdh8pMJv1SpZna0zxG1DwsKZsreLbXBxw==
